# This file was autogenerated by Stack.
# You should not edit this file by hand.
# For more information, please see the documentation at:
#   https://docs.haskellstack.org/en/stable/lock_files

packages:
- completed:
    hackage: hashable-1.3.5.0@sha256:3a2beeafb220f9de706568a7e4a5b3c762cc4c9f25c94d7ef795b8c2d6a691d7,4240
    pantry-tree:
      sha256: 4df2f6b536a0fcc5f7d562cb29e373f27dc4a2747452ac5cc74c1599cab22fc5
      size: 1248
  original:
    hackage: hashable-1.3.5.0
- completed:
    hackage: rest-rewrite-0.4.1@sha256:1254960c0a595cf4c9d5a3b986f42644407c63c74578d75b3568a6a12e5143f0,3886
    pantry-tree:
      sha256: 17b4e99420cc1929e2b7d29558a0f909d6fcabd263fbc590dbf2585f893f5a6e
      size: 4018
  original:
    hackage: rest-rewrite-0.4.1
- completed:
    hackage: smtlib-backends-0.3@sha256:917d88540a9ede7beedbe2ed13b492acddbce394d30ccf5d0ef4f4fba9aa2c12,1157
    pantry-tree:
      sha256: 59b578ae7df155a6c73a513358370747e3cc6229ebb44adaba9e0935f811539c
      size: 275
  original:
    hackage: smtlib-backends-0.3
- completed:
    hackage: smtlib-backends-process-0.3@sha256:d4d7d02859383e0a43db2d8ce7ef01deffe1bcd356b2ff8626925c3a1c8db922,1600
    pantry-tree:
      sha256: d7d8ec52d07f4a59614000fd93d77b109d085d58f2d96e2c4b972f541c4e8287
      size: 461
  original:
    hackage: smtlib-backends-process-0.3
- completed:
    commit: 369a7a63b97d313db4ea558f4847ebd3f82edce6
    git: https://github.com/ucsd-progsys/liquidhaskell
    name: liquidhaskell
    pantry-tree:
      sha256: b9106f7914024f55dabb958270ff2ca7d81aefa4a1a34148195a4d290823de54
      size: 292483
    subdir: .
    version: 0.9.2.5.0
  original:
    commit: 369a7a63b97d313db4ea558f4847ebd3f82edce6
    git: https://github.com/ucsd-progsys/liquidhaskell
    subdir: .
- completed:
    commit: 369a7a63b97d313db4ea558f4847ebd3f82edce6
    git: https://github.com/ucsd-progsys/liquidhaskell
    name: liquidhaskell-boot
    pantry-tree:
      sha256: c3e1e7121a9f681de5388331090064df7a6a87bdc91b27ba27054fb8daad7770
      size: 8358
    subdir: liquidhaskell-boot
    version: 0.9.2.5.0
  original:
    commit: 369a7a63b97d313db4ea558f4847ebd3f82edce6
    git: https://github.com/ucsd-progsys/liquidhaskell
    subdir: liquidhaskell-boot
- completed:
    commit: 369a7a63b97d313db4ea558f4847ebd3f82edce6
    git: https://github.com/ucsd-progsys/liquidhaskell
    name: liquid-prelude
    pantry-tree:
      sha256: 0a4bdf620ba71aeac532d18adcd5bbfa081fe9bd92dd0c4826190f186d98447f
      size: 942
    subdir: liquid-prelude
    version: 0.9.0.2
  original:
    commit: 369a7a63b97d313db4ea558f4847ebd3f82edce6
    git: https://github.com/ucsd-progsys/liquidhaskell
    subdir: liquid-prelude
- completed:
    commit: 369a7a63b97d313db4ea558f4847ebd3f82edce6
    git: https://github.com/ucsd-progsys/liquidhaskell
    name: liquid-vector
    pantry-tree:
      sha256: 86d6aff9ad037de578e5f9c3d759cef09bdad86ef0a06052dc3c042939a945c3
      size: 231
    subdir: liquid-vector
    version: 0.12.3.1
  original:
    commit: 369a7a63b97d313db4ea558f4847ebd3f82edce6
    git: https://github.com/ucsd-progsys/liquidhaskell
    subdir: liquid-vector
- completed:
    commit: dac1af46b0e582c1a3880051d4cd85b75315f909
    git: https://github.com/ucsd-progsys/liquid-fixpoint
    name: liquid-fixpoint
    pantry-tree:
      sha256: b090b9111c195d3f56a988ce54a18eb0b7c7f85bef6c208a529971d0b1c95315
      size: 23531
    version: 0.9.0.2.1
  original:
    commit: dac1af46b0e582c1a3880051d4cd85b75315f909
    git: https://github.com/ucsd-progsys/liquid-fixpoint
snapshots:
- completed:
    sha256: adbc602422dde10cc330175da7de8609e70afc41449a7e2d6e8b1827aa0e5008
    size: 649342
    url: https://raw.githubusercontent.com/commercialhaskell/stackage-snapshots/master/lts/20/11.yaml
  original: lts-20.11
